
Microsoft Visual Studio Solution File, Format Version 12.00
# Visual Studio Version 17
VisualStudioVersion = 17.5.33530.505
MinimumVisualStudioVersion = 10.0.40219.1
Project("{2150E333-8FDC-42A3-9474-1A3956D46DE8}") = "01. SOLID", "01. SOLID", "{91183131-40E4-40C1-B20F-224F502DF208}"
EndProject
Project("{9A19103F-16F7-4668-BE54-9A1E7A4F7556}") = "DIP", "01. SOLID\DIP\DIP.csproj", "{A997B855-FB24-4C84-AF88-949916826833}"
EndProject
Project("{9A19103F-16F7-4668-BE54-9A1E7A4F7556}") = "ISP", "01. SOLID\ISP\ISP.csproj", "{0F6E1AF7-8E16-40FD-AADF-6E054D142421}"
EndProject
Project("{9A19103F-16F7-4668-BE54-9A1E7A4F7556}") = "LSP", "01. SOLID\LSP\LSP.csproj", "{6844E55B-FA0B-4815-BABC-027DF0457E17}"
EndProject
Project("{9A19103F-16F7-4668-BE54-9A1E7A4F7556}") = "OCP", "01. SOLID\OCP\OCP.csproj", "{8F95A14D-ABD2-4B88-ACA6-59DD9F5F03B5}"
EndProject
Project("{9A19103F-16F7-4668-BE54-9A1E7A4F7556}") = "SRP", "01. SOLID\SRP\SRP.csproj", "{20FC71A4-5125-45DE-B0B1-486D3AAD5071}"
EndProject
Global
	GlobalSection(SolutionConfigurationPlatforms) = preSolution
		Debug|Any CPU = Debug|Any CPU
		Release|Any CPU = Release|Any CPU
	EndGlobalSection
	GlobalSection(ProjectConfigurationPlatforms) = postSolution
		{A997B855-FB24-4C84-AF88-949916826833}.Debug|Any CPU.ActiveCfg = Debug|Any CPU
		{A997B855-FB24-4C84-AF88-949916826833}.Debug|Any CPU.Build.0 = Debug|Any CPU
		{A997B855-FB24-4C84-AF88-949916826833}.Release|Any CPU.ActiveCfg = Release|Any CPU
		{A997B855-FB24-4C84-AF88-949916826833}.Release|Any CPU.Build.0 = Release|Any CPU
		{0F6E1AF7-8E16-40FD-AADF-6E054D142421}.Debug|Any CPU.ActiveCfg = Debug|Any CPU
		{0F6E1AF7-8E16-40FD-AADF-6E054D142421}.Debug|Any CPU.Build.0 = Debug|Any CPU
		{0F6E1AF7-8E16-40FD-AADF-6E054D142421}.Release|Any CPU.ActiveCfg = Release|Any CPU
		{0F6E1AF7-8E16-40FD-AADF-6E054D142421}.Release|Any CPU.Build.0 = Release|Any CPU
		{6844E55B-FA0B-4815-BABC-027DF0457E17}.Debug|Any CPU.ActiveCfg = Debug|Any CPU
		{6844E55B-FA0B-4815-BABC-027DF0457E17}.Debug|Any CPU.Build.0 = Debug|Any CPU
		{6844E55B-FA0B-4815-BABC-027DF0457E17}.Release|Any CPU.ActiveCfg = Release|Any CPU
		{6844E55B-FA0B-4815-BABC-027DF0457E17}.Release|Any CPU.Build.0 = Release|Any CPU
		{8F95A14D-ABD2-4B88-ACA6-59DD9F5F03B5}.Debug|Any CPU.ActiveCfg = Debug|Any CPU
		{8F95A14D-ABD2-4B88-ACA6-59DD9F5F03B5}.Debug|Any CPU.Build.0 = Debug|Any CPU
		{8F95A14D-ABD2-4B88-ACA6-59DD9F5F03B5}.Release|Any CPU.ActiveCfg = Release|Any CPU
		{8F95A14D-ABD2-4B88-ACA6-59DD9F5F03B5}.Release|Any CPU.Build.0 = Release|Any CPU
		{20FC71A4-5125-45DE-B0B1-486D3AAD5071}.Debug|Any CPU.ActiveCfg = Debug|Any CPU
		{20FC71A4-5125-45DE-B0B1-486D3AAD5071}.Debug|Any CPU.Build.0 = Debug|Any CPU
		{20FC71A4-5125-45DE-B0B1-486D3AAD5071}.Release|Any CPU.ActiveCfg = Release|Any CPU
		{20FC71A4-5125-45DE-B0B1-486D3AAD5071}.Release|Any CPU.Build.0 = Release|Any CPU
	EndGlobalSection
	GlobalSection(SolutionProperties) = preSolution
		HideSolutionNode = FALSE
	EndGlobalSection
	GlobalSection(NestedProjects) = preSolution
		{A997B855-FB24-4C84-AF88-949916826833} = {91183131-40E4-40C1-B20F-224F502DF208}
		{0F6E1AF7-8E16-40FD-AADF-6E054D142421} = {91183131-40E4-40C1-B20F-224F502DF208}
		{6844E55B-FA0B-4815-BABC-027DF0457E17} = {91183131-40E4-40C1-B20F-224F502DF208}
		{8F95A14D-ABD2-4B88-ACA6-59DD9F5F03B5} = {91183131-40E4-40C1-B20F-224F502DF208}
		{20FC71A4-5125-45DE-B0B1-486D3AAD5071} = {91183131-40E4-40C1-B20F-224F502DF208}
	EndGlobalSection
	GlobalSection(ExtensibilityGlobals) = postSolution
		SolutionGuid = {EDD72E93-7F66-42EE-9EAB-A2EF4C68A8FA}
	EndGlobalSection
EndGlobal
