
Microsoft Visual Studio Solution File, Format Version 12.00
# Visual Studio Version 17
VisualStudioVersion = 17.5.33530.505
MinimumVisualStudioVersion = 10.0.40219.1
Project("{2150E333-8FDC-42A3-9474-1A3956D46DE8}") = "01. SOLID", "01. SOLID", "{91183131-40E4-40C1-B20F-224F502DF208}"
EndProject
Project("{9A19103F-16F7-4668-BE54-9A1E7A4F7556}") = "DIP", "01. SOLID\DIP\DIP.csproj", "{A997B855-FB24-4C84-AF88-949916826833}"
EndProject
Project("{9A19103F-16F7-4668-BE54-9A1E7A4F7556}") = "ISP", "01. SOLID\ISP\ISP.csproj", "{0F6E1AF7-8E16-40FD-AADF-6E054D142421}"
EndProject
Project("{9A19103F-16F7-4668-BE54-9A1E7A4F7556}") = "LSP", "01. SOLID\LSP\LSP.csproj", "{6844E55B-FA0B-4815-BABC-027DF0457E17}"
EndProject
Project("{9A19103F-16F7-4668-BE54-9A1E7A4F7556}") = "OCP", "01. SOLID\OCP\OCP.csproj", "{8F95A14D-ABD2-4B88-ACA6-59DD9F5F03B5}"
EndProject
Project("{9A19103F-16F7-4668-BE54-9A1E7A4F7556}") = "SRP", "01. SOLID\SRP\SRP.csproj", "{20FC71A4-5125-45DE-B0B1-486D3AAD5071}"
EndProject
Project("{2150E333-8FDC-42A3-9474-1A3956D46DE8}") = "_item", "_item", "{63018A7C-291F-48F3-BFB3-FB8624400126}"
	ProjectSection(SolutionItems) = preProject
		README.MD = README.MD
	EndProjectSection
EndProject
Project("{2150E333-8FDC-42A3-9474-1A3956D46DE8}") = "02-BUILDER", "02-BUILDER", "{5904CA18-A3D4-4E48-8001-F4A0E89C2563}"
EndProject
Project("{FAE04EC0-301F-11D3-BF4B-00C04F79EFBC}") = "Builder", "02-BUILDER\Builder\Builder.csproj", "{F890F5C3-66C6-4823-A499-8FC4846D409B}"
EndProject
Project("{FAE04EC0-301F-11D3-BF4B-00C04F79EFBC}") = "FluentBuilder", "02-BUILDER\FluentBuilder\FluentBuilder.csproj", "{F4CCDC78-1342-4913-BE01-1635C5BF6297}"
EndProject
Project("{FAE04EC0-301F-11D3-BF4B-00C04F79EFBC}") = "StepwiseBuilder", "02-BUILDER\StepwiseBuilder\StepwiseBuilder.csproj", "{C7B41AC2-A7C0-430A-992B-C6E30CACE693}"
EndProject
Project("{FAE04EC0-301F-11D3-BF4B-00C04F79EFBC}") = "FunctionalBuilder", "02-BUILDER\FunctionalBuilder\FunctionalBuilder.csproj", "{387F621C-0ABB-4174-A8C7-AF8BE4BA1CB5}"
EndProject
Project("{FAE04EC0-301F-11D3-BF4B-00C04F79EFBC}") = "FacetedBuilder", "02-BUILDER\FacetedBuilder\FacetedBuilder.csproj", "{0442BCB1-3F6D-44DA-89CE-4BAF45FF9F76}"
EndProject
Project("{FAE04EC0-301F-11D3-BF4B-00C04F79EFBC}") = "Demo", "Demo\Demo.csproj", "{80F48716-0D25-4C23-A82A-0A2801B16704}"
EndProject
Global
	GlobalSection(SolutionConfigurationPlatforms) = preSolution
		Debug|Any CPU = Debug|Any CPU
		Release|Any CPU = Release|Any CPU
	EndGlobalSection
	GlobalSection(ProjectConfigurationPlatforms) = postSolution
		{A997B855-FB24-4C84-AF88-949916826833}.Debug|Any CPU.ActiveCfg = Debug|Any CPU
		{A997B855-FB24-4C84-AF88-949916826833}.Debug|Any CPU.Build.0 = Debug|Any CPU
		{A997B855-FB24-4C84-AF88-949916826833}.Release|Any CPU.ActiveCfg = Release|Any CPU
		{A997B855-FB24-4C84-AF88-949916826833}.Release|Any CPU.Build.0 = Release|Any CPU
		{0F6E1AF7-8E16-40FD-AADF-6E054D142421}.Debug|Any CPU.ActiveCfg = Debug|Any CPU
		{0F6E1AF7-8E16-40FD-AADF-6E054D142421}.Debug|Any CPU.Build.0 = Debug|Any CPU
		{0F6E1AF7-8E16-40FD-AADF-6E054D142421}.Release|Any CPU.ActiveCfg = Release|Any CPU
		{0F6E1AF7-8E16-40FD-AADF-6E054D142421}.Release|Any CPU.Build.0 = Release|Any CPU
		{6844E55B-FA0B-4815-BABC-027DF0457E17}.Debug|Any CPU.ActiveCfg = Debug|Any CPU
		{6844E55B-FA0B-4815-BABC-027DF0457E17}.Debug|Any CPU.Build.0 = Debug|Any CPU
		{6844E55B-FA0B-4815-BABC-027DF0457E17}.Release|Any CPU.ActiveCfg = Release|Any CPU
		{6844E55B-FA0B-4815-BABC-027DF0457E17}.Release|Any CPU.Build.0 = Release|Any CPU
		{8F95A14D-ABD2-4B88-ACA6-59DD9F5F03B5}.Debug|Any CPU.ActiveCfg = Debug|Any CPU
		{8F95A14D-ABD2-4B88-ACA6-59DD9F5F03B5}.Debug|Any CPU.Build.0 = Debug|Any CPU
		{8F95A14D-ABD2-4B88-ACA6-59DD9F5F03B5}.Release|Any CPU.ActiveCfg = Release|Any CPU
		{8F95A14D-ABD2-4B88-ACA6-59DD9F5F03B5}.Release|Any CPU.Build.0 = Release|Any CPU
		{20FC71A4-5125-45DE-B0B1-486D3AAD5071}.Debug|Any CPU.ActiveCfg = Debug|Any CPU
		{20FC71A4-5125-45DE-B0B1-486D3AAD5071}.Debug|Any CPU.Build.0 = Debug|Any CPU
		{20FC71A4-5125-45DE-B0B1-486D3AAD5071}.Release|Any CPU.ActiveCfg = Release|Any CPU
		{20FC71A4-5125-45DE-B0B1-486D3AAD5071}.Release|Any CPU.Build.0 = Release|Any CPU
		{F890F5C3-66C6-4823-A499-8FC4846D409B}.Debug|Any CPU.ActiveCfg = Debug|Any CPU
		{F890F5C3-66C6-4823-A499-8FC4846D409B}.Debug|Any CPU.Build.0 = Debug|Any CPU
		{F890F5C3-66C6-4823-A499-8FC4846D409B}.Release|Any CPU.ActiveCfg = Release|Any CPU
		{F890F5C3-66C6-4823-A499-8FC4846D409B}.Release|Any CPU.Build.0 = Release|Any CPU
		{F4CCDC78-1342-4913-BE01-1635C5BF6297}.Debug|Any CPU.ActiveCfg = Debug|Any CPU
		{F4CCDC78-1342-4913-BE01-1635C5BF6297}.Debug|Any CPU.Build.0 = Debug|Any CPU
		{F4CCDC78-1342-4913-BE01-1635C5BF6297}.Release|Any CPU.ActiveCfg = Release|Any CPU
		{F4CCDC78-1342-4913-BE01-1635C5BF6297}.Release|Any CPU.Build.0 = Release|Any CPU
		{C7B41AC2-A7C0-430A-992B-C6E30CACE693}.Debug|Any CPU.ActiveCfg = Debug|Any CPU
		{C7B41AC2-A7C0-430A-992B-C6E30CACE693}.Debug|Any CPU.Build.0 = Debug|Any CPU
		{C7B41AC2-A7C0-430A-992B-C6E30CACE693}.Release|Any CPU.ActiveCfg = Release|Any CPU
		{C7B41AC2-A7C0-430A-992B-C6E30CACE693}.Release|Any CPU.Build.0 = Release|Any CPU
		{387F621C-0ABB-4174-A8C7-AF8BE4BA1CB5}.Debug|Any CPU.ActiveCfg = Debug|Any CPU
		{387F621C-0ABB-4174-A8C7-AF8BE4BA1CB5}.Debug|Any CPU.Build.0 = Debug|Any CPU
		{387F621C-0ABB-4174-A8C7-AF8BE4BA1CB5}.Release|Any CPU.ActiveCfg = Release|Any CPU
		{387F621C-0ABB-4174-A8C7-AF8BE4BA1CB5}.Release|Any CPU.Build.0 = Release|Any CPU
		{0442BCB1-3F6D-44DA-89CE-4BAF45FF9F76}.Debug|Any CPU.ActiveCfg = Debug|Any CPU
		{0442BCB1-3F6D-44DA-89CE-4BAF45FF9F76}.Debug|Any CPU.Build.0 = Debug|Any CPU
		{0442BCB1-3F6D-44DA-89CE-4BAF45FF9F76}.Release|Any CPU.ActiveCfg = Release|Any CPU
		{0442BCB1-3F6D-44DA-89CE-4BAF45FF9F76}.Release|Any CPU.Build.0 = Release|Any CPU
		{80F48716-0D25-4C23-A82A-0A2801B16704}.Debug|Any CPU.ActiveCfg = Debug|Any CPU
		{80F48716-0D25-4C23-A82A-0A2801B16704}.Debug|Any CPU.Build.0 = Debug|Any CPU
		{80F48716-0D25-4C23-A82A-0A2801B16704}.Release|Any CPU.ActiveCfg = Release|Any CPU
		{80F48716-0D25-4C23-A82A-0A2801B16704}.Release|Any CPU.Build.0 = Release|Any CPU
	EndGlobalSection
	GlobalSection(SolutionProperties) = preSolution
		HideSolutionNode = FALSE
	EndGlobalSection
	GlobalSection(NestedProjects) = preSolution
		{A997B855-FB24-4C84-AF88-949916826833} = {91183131-40E4-40C1-B20F-224F502DF208}
		{0F6E1AF7-8E16-40FD-AADF-6E054D142421} = {91183131-40E4-40C1-B20F-224F502DF208}
		{6844E55B-FA0B-4815-BABC-027DF0457E17} = {91183131-40E4-40C1-B20F-224F502DF208}
		{8F95A14D-ABD2-4B88-ACA6-59DD9F5F03B5} = {91183131-40E4-40C1-B20F-224F502DF208}
		{20FC71A4-5125-45DE-B0B1-486D3AAD5071} = {91183131-40E4-40C1-B20F-224F502DF208}
		{F890F5C3-66C6-4823-A499-8FC4846D409B} = {5904CA18-A3D4-4E48-8001-F4A0E89C2563}
		{F4CCDC78-1342-4913-BE01-1635C5BF6297} = {5904CA18-A3D4-4E48-8001-F4A0E89C2563}
		{C7B41AC2-A7C0-430A-992B-C6E30CACE693} = {5904CA18-A3D4-4E48-8001-F4A0E89C2563}
		{387F621C-0ABB-4174-A8C7-AF8BE4BA1CB5} = {5904CA18-A3D4-4E48-8001-F4A0E89C2563}
		{0442BCB1-3F6D-44DA-89CE-4BAF45FF9F76} = {5904CA18-A3D4-4E48-8001-F4A0E89C2563}
	EndGlobalSection
	GlobalSection(ExtensibilityGlobals) = postSolution
		SolutionGuid = {EDD72E93-7F66-42EE-9EAB-A2EF4C68A8FA}
	EndGlobalSection
EndGlobal
